
Microsoft Visual Studio Solution File, Format Version 12.00
# Visual Studio Version 17
VisualStudioVersion = 17.6.33712.159
MinimumVisualStudioVersion = 10.0.40219.1
Project("{9A19103F-16F7-4668-BE54-9A1E7A4F7556}") = "CCluster.Mathematics", "CCluster.Mathematics\CCluster.Mathematics.csproj", "{FA1DA4AC-18E9-4B31-B0A6-DEEC0E36039E}"
EndProject
Project("{9A19103F-16F7-4668-BE54-9A1E7A4F7556}") = "CCluster.Mathematics.Gen", "CCluster.Mathematics.Gen\CCluster.Mathematics.Gen.csproj", "{4F335599-6C16-4F16-989A-FC85AAFAE4B5}"
EndProject
Project("{9A19103F-16F7-4668-BE54-9A1E7A4F7556}") = "CCluster.Mathematics.Gen.Gen", "CCluster.Mathematics.Gen.Gen\CCluster.Mathematics.Gen.Gen.csproj", "{ADCD6AEA-D39E-4B84-A041-E704F74E461B}"
EndProject
Project("{FAE04EC0-301F-11D3-BF4B-00C04F79EFBC}") = "CCluster.Mathematics.GenCart", "CCluster.Mathematics.GenCart\CCluster.Mathematics.GenCart.csproj", "{A860EFD3-F55F-4B62-A63B-EA63A842A2B5}"
EndProject
Global
	GlobalSection(SolutionConfigurationPlatforms) = preSolution
		Debug|Any CPU = Debug|Any CPU
		Release|Any CPU = Release|Any CPU
	EndGlobalSection
	GlobalSection(ProjectConfigurationPlatforms) = postSolution
		{FA1DA4AC-18E9-4B31-B0A6-DEEC0E36039E}.Debug|Any CPU.ActiveCfg = Debug|Any CPU
		{FA1DA4AC-18E9-4B31-B0A6-DEEC0E36039E}.Debug|Any CPU.Build.0 = Debug|Any CPU
		{FA1DA4AC-18E9-4B31-B0A6-DEEC0E36039E}.Release|Any CPU.ActiveCfg = Release|Any CPU
		{FA1DA4AC-18E9-4B31-B0A6-DEEC0E36039E}.Release|Any CPU.Build.0 = Release|Any CPU
		{4F335599-6C16-4F16-989A-FC85AAFAE4B5}.Debug|Any CPU.ActiveCfg = Debug|Any CPU
		{4F335599-6C16-4F16-989A-FC85AAFAE4B5}.Debug|Any CPU.Build.0 = Debug|Any CPU
		{4F335599-6C16-4F16-989A-FC85AAFAE4B5}.Release|Any CPU.ActiveCfg = Release|Any CPU
		{4F335599-6C16-4F16-989A-FC85AAFAE4B5}.Release|Any CPU.Build.0 = Release|Any CPU
		{ADCD6AEA-D39E-4B84-A041-E704F74E461B}.Debug|Any CPU.ActiveCfg = Debug|Any CPU
		{ADCD6AEA-D39E-4B84-A041-E704F74E461B}.Debug|Any CPU.Build.0 = Debug|Any CPU
		{ADCD6AEA-D39E-4B84-A041-E704F74E461B}.Release|Any CPU.ActiveCfg = Release|Any CPU
		{ADCD6AEA-D39E-4B84-A041-E704F74E461B}.Release|Any CPU.Build.0 = Release|Any CPU
		{A860EFD3-F55F-4B62-A63B-EA63A842A2B5}.Debug|Any CPU.ActiveCfg = Debug|Any CPU
		{A860EFD3-F55F-4B62-A63B-EA63A842A2B5}.Debug|Any CPU.Build.0 = Debug|Any CPU
		{A860EFD3-F55F-4B62-A63B-EA63A842A2B5}.Release|Any CPU.ActiveCfg = Release|Any CPU
		{A860EFD3-F55F-4B62-A63B-EA63A842A2B5}.Release|Any CPU.Build.0 = Release|Any CPU
	EndGlobalSection
	GlobalSection(SolutionProperties) = preSolution
		HideSolutionNode = FALSE
	EndGlobalSection
	GlobalSection(ExtensibilityGlobals) = postSolution
		SolutionGuid = {BB466309-B7EB-4161-8649-15789B8E8980}
	EndGlobalSection
EndGlobal
